
Microsoft Visual Studio Solution File, Format Version 12.00
# Visual Studio Version 17
VisualStudioVersion = 17.4.32912.340
MinimumVisualStudioVersion = 10.0.40219.1
Project("{9A19103F-16F7-4668-BE54-9A1E7A4F7556}") = "Api.Childs", "Api.Childs.csproj", "{34A7C306-F5DA-4BF1-913D-B1E46EDEB802}"
EndProject
Project("{9A19103F-16F7-4668-BE54-9A1E7A4F7556}") = "Api.Childs.Tests", "..\..\..\tests\backend\Api.Childs.Tests\Api.Childs.Tests.csproj", "{93FDF824-EC69-4E9E-BE12-95B2A2AA1CAD}"
EndProject
Global
	GlobalSection(SolutionConfigurationPlatforms) = preSolution
		Debug|Any CPU = Debug|Any CPU
		Release|Any CPU = Release|Any CPU
	EndGlobalSection
	GlobalSection(ProjectConfigurationPlatforms) = postSolution
		{34A7C306-F5DA-4BF1-913D-B1E46EDEB802}.Debug|Any CPU.ActiveCfg = Debug|Any CPU
		{34A7C306-F5DA-4BF1-913D-B1E46EDEB802}.Debug|Any CPU.Build.0 = Debug|Any CPU
		{34A7C306-F5DA-4BF1-913D-B1E46EDEB802}.Release|Any CPU.ActiveCfg = Release|Any CPU
		{34A7C306-F5DA-4BF1-913D-B1E46EDEB802}.Release|Any CPU.Build.0 = Release|Any CPU
		{93FDF824-EC69-4E9E-BE12-95B2A2AA1CAD}.Debug|Any CPU.ActiveCfg = Debug|Any CPU
		{93FDF824-EC69-4E9E-BE12-95B2A2AA1CAD}.Debug|Any CPU.Build.0 = Debug|Any CPU
		{93FDF824-EC69-4E9E-BE12-95B2A2AA1CAD}.Release|Any CPU.ActiveCfg = Release|Any CPU
		{93FDF824-EC69-4E9E-BE12-95B2A2AA1CAD}.Release|Any CPU.Build.0 = Release|Any CPU
	EndGlobalSection
	GlobalSection(SolutionProperties) = preSolution
		HideSolutionNode = FALSE
	EndGlobalSection
	GlobalSection(ExtensibilityGlobals) = postSolution
		SolutionGuid = {F651779C-2F96-482E-9102-392912AEBBEB}
	EndGlobalSection
EndGlobal
