
Microsoft Visual Studio Solution File, Format Version 12.00
# Visual Studio Version 17
VisualStudioVersion = 17.7.33808.371
MinimumVisualStudioVersion = 10.0.40219.1
Project("{9A19103F-16F7-4668-BE54-9A1E7A4F7556}") = "WebUI", "WebUI.csproj", "{59509EBE-307B-412A-A537-BA13F543F64E}"
EndProject
Global
	GlobalSection(SolutionConfigurationPlatforms) = preSolution
		Debug|Any CPU = Debug|Any CPU
		Release|Any CPU = Release|Any CPU
	EndGlobalSection
	GlobalSection(ProjectConfigurationPlatforms) = postSolution
		{59509EBE-307B-412A-A537-BA13F543F64E}.Debug|Any CPU.ActiveCfg = Debug|Any CPU
		{59509EBE-307B-412A-A537-BA13F543F64E}.Debug|Any CPU.Build.0 = Debug|Any CPU
		{59509EBE-307B-412A-A537-BA13F543F64E}.Release|Any CPU.ActiveCfg = Release|Any CPU
		{59509EBE-307B-412A-A537-BA13F543F64E}.Release|Any CPU.Build.0 = Release|Any CPU
	EndGlobalSection
	GlobalSection(SolutionProperties) = preSolution
		HideSolutionNode = FALSE
	EndGlobalSection
	GlobalSection(ExtensibilityGlobals) = postSolution
		SolutionGuid = {455FEC75-23FA-4487-AEED-FDEFB8993952}
	EndGlobalSection
EndGlobal
