
Microsoft Visual Studio Solution File, Format Version 12.00
# Visual Studio Version 17
VisualStudioVersion = 17.0.31903.59
MinimumVisualStudioVersion = 10.0.40219.1
Project("{2150E333-8FDC-42A3-9474-1A3956D46DE8}") = "src", "src", "{74382EC2-CAB2-4522-A473-28A4328AD03A}"
EndProject
Project("{2150E333-8FDC-42A3-9474-1A3956D46DE8}") = "api", "api", "{2F2574E2-2124-43B9-A33B-C85443AA469E}"
EndProject
Project("{FAE04EC0-301F-11D3-BF4B-00C04F79EFBC}") = "Family.Api", "src\api\Family.Api\Family.Api.csproj", "{B79EA530-C9BC-48F5-8F4F-B61945DFEE72}"
EndProject
Project("{FAE04EC0-301F-11D3-BF4B-00C04F79EFBC}") = "Family.Api.Tests", "src\api\Family.Api.Tests\Family.Api.Tests.csproj", "{372FD927-6E3E-4859-9A8B-5651B253ADE9}"
EndProject
Project("{2150E333-8FDC-42A3-9474-1A3956D46DE8}") = "infrastructure", "infrastructure", "{5778C912-8801-4047-AD07-2336EE2FFE78}"
EndProject
Project("{FAE04EC0-301F-11D3-BF4B-00C04F79EFBC}") = "Family.Infrastructure.Caching", "src\infrastructure\Family.Infrastructure.Caching\Family.Infrastructure.Caching.csproj", "{EBCE5B83-E1E9-4766-964A-292060754A54}"
EndProject
Project("{FAE04EC0-301F-11D3-BF4B-00C04F79EFBC}") = "Family.Infrastructure.CQRS", "src\infrastructure\Family.Infrastructure.CQRS\Family.Infrastructure.CQRS.csproj", "{DCFC2743-B415-4C7D-BFCE-1331A398A747}"
EndProject
Global
	GlobalSection(SolutionConfigurationPlatforms) = preSolution
		Debug|Any CPU = Debug|Any CPU
		Release|Any CPU = Release|Any CPU
	EndGlobalSection
	GlobalSection(SolutionProperties) = preSolution
		HideSolutionNode = FALSE
	EndGlobalSection
	GlobalSection(ProjectConfigurationPlatforms) = postSolution
		{B79EA530-C9BC-48F5-8F4F-B61945DFEE72}.Debug|Any CPU.ActiveCfg = Debug|Any CPU
		{B79EA530-C9BC-48F5-8F4F-B61945DFEE72}.Debug|Any CPU.Build.0 = Debug|Any CPU
		{B79EA530-C9BC-48F5-8F4F-B61945DFEE72}.Release|Any CPU.ActiveCfg = Release|Any CPU
		{B79EA530-C9BC-48F5-8F4F-B61945DFEE72}.Release|Any CPU.Build.0 = Release|Any CPU
		{372FD927-6E3E-4859-9A8B-5651B253ADE9}.Debug|Any CPU.ActiveCfg = Debug|Any CPU
		{372FD927-6E3E-4859-9A8B-5651B253ADE9}.Debug|Any CPU.Build.0 = Debug|Any CPU
		{372FD927-6E3E-4859-9A8B-5651B253ADE9}.Release|Any CPU.ActiveCfg = Release|Any CPU
		{372FD927-6E3E-4859-9A8B-5651B253ADE9}.Release|Any CPU.Build.0 = Release|Any CPU
		{EBCE5B83-E1E9-4766-964A-292060754A54}.Debug|Any CPU.ActiveCfg = Debug|Any CPU
		{EBCE5B83-E1E9-4766-964A-292060754A54}.Debug|Any CPU.Build.0 = Debug|Any CPU
		{EBCE5B83-E1E9-4766-964A-292060754A54}.Release|Any CPU.ActiveCfg = Release|Any CPU
		{EBCE5B83-E1E9-4766-964A-292060754A54}.Release|Any CPU.Build.0 = Release|Any CPU
		{DCFC2743-B415-4C7D-BFCE-1331A398A747}.Debug|Any CPU.ActiveCfg = Debug|Any CPU
		{DCFC2743-B415-4C7D-BFCE-1331A398A747}.Debug|Any CPU.Build.0 = Debug|Any CPU
		{DCFC2743-B415-4C7D-BFCE-1331A398A747}.Release|Any CPU.ActiveCfg = Release|Any CPU
		{DCFC2743-B415-4C7D-BFCE-1331A398A747}.Release|Any CPU.Build.0 = Release|Any CPU
	EndGlobalSection
	GlobalSection(NestedProjects) = preSolution
		{2F2574E2-2124-43B9-A33B-C85443AA469E} = {74382EC2-CAB2-4522-A473-28A4328AD03A}
		{B79EA530-C9BC-48F5-8F4F-B61945DFEE72} = {2F2574E2-2124-43B9-A33B-C85443AA469E}
		{372FD927-6E3E-4859-9A8B-5651B253ADE9} = {2F2574E2-2124-43B9-A33B-C85443AA469E}
		{5778C912-8801-4047-AD07-2336EE2FFE78} = {74382EC2-CAB2-4522-A473-28A4328AD03A}
		{EBCE5B83-E1E9-4766-964A-292060754A54} = {5778C912-8801-4047-AD07-2336EE2FFE78}
		{DCFC2743-B415-4C7D-BFCE-1331A398A747} = {5778C912-8801-4047-AD07-2336EE2FFE78}
	EndGlobalSection
EndGlobal
