
Microsoft Visual Studio Solution File, Format Version 12.00
# Visual Studio Version 17
VisualStudioVersion = 17.6.33620.401
MinimumVisualStudioVersion = 10.0.40219.1
Project("{9A19103F-16F7-4668-BE54-9A1E7A4F7556}") = "WebUi", "WebUi\WebUi.csproj", "{7EF7D048-0973-4FCD-80B0-614F6EAF5ED1}"
EndProject
Global
	GlobalSection(SolutionConfigurationPlatforms) = preSolution
		Debug|Any CPU = Debug|Any CPU
		Release|Any CPU = Release|Any CPU
	EndGlobalSection
	GlobalSection(ProjectConfigurationPlatforms) = postSolution
		{7EF7D048-0973-4FCD-80B0-614F6EAF5ED1}.Debug|Any CPU.ActiveCfg = Debug|Any CPU
		{7EF7D048-0973-4FCD-80B0-614F6EAF5ED1}.Debug|Any CPU.Build.0 = Debug|Any CPU
		{7EF7D048-0973-4FCD-80B0-614F6EAF5ED1}.Release|Any CPU.ActiveCfg = Release|Any CPU
		{7EF7D048-0973-4FCD-80B0-614F6EAF5ED1}.Release|Any CPU.Build.0 = Release|Any CPU
	EndGlobalSection
	GlobalSection(SolutionProperties) = preSolution
		HideSolutionNode = FALSE
	EndGlobalSection
	GlobalSection(ExtensibilityGlobals) = postSolution
		SolutionGuid = {7124279D-B4A8-4A9A-A0DD-62B99F7944B5}
	EndGlobalSection
EndGlobal
