
Microsoft Visual Studio Solution File, Format Version 12.00
# Visual Studio Version 17
VisualStudioVersion = 17.5.002.0
MinimumVisualStudioVersion = 10.0.40219.1
Project("{9A19103F-16F7-4668-BE54-9A1E7A4F7556}") = "WebUI", "WebUI.csproj", "{1BD7C379-03E4-49D5-A68E-48D9465653CB}"
EndProject
Global
	GlobalSection(SolutionConfigurationPlatforms) = preSolution
		Debug|Any CPU = Debug|Any CPU
		Release|Any CPU = Release|Any CPU
	EndGlobalSection
	GlobalSection(ProjectConfigurationPlatforms) = postSolution
		{1BD7C379-03E4-49D5-A68E-48D9465653CB}.Debug|Any CPU.ActiveCfg = Debug|Any CPU
		{1BD7C379-03E4-49D5-A68E-48D9465653CB}.Debug|Any CPU.Build.0 = Debug|Any CPU
		{1BD7C379-03E4-49D5-A68E-48D9465653CB}.Release|Any CPU.ActiveCfg = Release|Any CPU
		{1BD7C379-03E4-49D5-A68E-48D9465653CB}.Release|Any CPU.Build.0 = Release|Any CPU
	EndGlobalSection
	GlobalSection(SolutionProperties) = preSolution
		HideSolutionNode = FALSE
	EndGlobalSection
	GlobalSection(ExtensibilityGlobals) = postSolution
		SolutionGuid = {A7420566-7A84-466F-BC0C-1E5866B8C212}
	EndGlobalSection
EndGlobal
